
Microsoft Visual Studio Solution File, Format Version 12.00
# Visual Studio 15
VisualStudioVersion = 15.0.26403.7
MinimumVisualStudioVersion = 10.0.40219.1
Project("{8BC9CEB8-8B4A-11D0-8D11-00A0C91BC942}") = "Praktikum1", "Praktikum1.vcxproj", "{B1A8BA8F-6334-4FC8-A8D9-64799912941D}"
EndProject
Global
	GlobalSection(SolutionConfigurationPlatforms) = preSolution
		Debug|Win32 = Debug|Win32
		Debug|x64 = Debug|x64
		Debug|x86 = Debug|x86
		Release|Win32 = Release|Win32
		Release|x64 = Release|x64
		Release|x86 = Release|x86
	EndGlobalSection
	GlobalSection(ProjectConfigurationPlatforms) = postSolution
		{B1A8BA8F-6334-4FC8-A8D9-64799912941D}.Debug|Win32.ActiveCfg = Debug|Win32
		{B1A8BA8F-6334-4FC8-A8D9-64799912941D}.Debug|Win32.Build.0 = Debug|Win32
		{B1A8BA8F-6334-4FC8-A8D9-64799912941D}.Debug|x64.ActiveCfg = Debug|x64
		{B1A8BA8F-6334-4FC8-A8D9-64799912941D}.Debug|x64.Build.0 = Debug|x64
		{B1A8BA8F-6334-4FC8-A8D9-64799912941D}.Debug|x86.ActiveCfg = Debug|Win32
		{B1A8BA8F-6334-4FC8-A8D9-64799912941D}.Debug|x86.Build.0 = Debug|Win32
		{B1A8BA8F-6334-4FC8-A8D9-64799912941D}.Release|Win32.ActiveCfg = Release|Win32
		{B1A8BA8F-6334-4FC8-A8D9-64799912941D}.Release|Win32.Build.0 = Release|Win32
		{B1A8BA8F-6334-4FC8-A8D9-64799912941D}.Release|x64.ActiveCfg = Release|x64
		{B1A8BA8F-6334-4FC8-A8D9-64799912941D}.Release|x64.Build.0 = Release|x64
		{B1A8BA8F-6334-4FC8-A8D9-64799912941D}.Release|x86.ActiveCfg = Release|Win32
		{B1A8BA8F-6334-4FC8-A8D9-64799912941D}.Release|x86.Build.0 = Release|Win32
	EndGlobalSection
	GlobalSection(SolutionProperties) = preSolution
		HideSolutionNode = FALSE
	EndGlobalSection
EndGlobal
